
Microsoft Visual Studio Solution File, Format Version 12.00
# Visual Studio Version 16
VisualStudioVersion = 16.0.30204.135
MinimumVisualStudioVersion = 10.0.40219.1
Project("{FAE04EC0-301F-11D3-BF4B-00C04F79EFBC}") = "SignalRChat", "SignalRChat.csproj", "{BB0C2CD3-22A2-45BB-A171-99B77F3D8790}"
EndProject
Global
	GlobalSection(SolutionConfigurationPlatforms) = preSolution
		Debug|Any CPU = Debug|Any CPU
		Release|Any CPU = Release|Any CPU
	EndGlobalSection
	GlobalSection(ProjectConfigurationPlatforms) = postSolution
		{BB0C2CD3-22A2-45BB-A171-99B77F3D8790}.Debug|Any CPU.ActiveCfg = Debug|Any CPU
		{BB0C2CD3-22A2-45BB-A171-99B77F3D8790}.Debug|Any CPU.Build.0 = Debug|Any CPU
		{BB0C2CD3-22A2-45BB-A171-99B77F3D8790}.Release|Any CPU.ActiveCfg = Release|Any CPU
		{BB0C2CD3-22A2-45BB-A171-99B77F3D8790}.Release|Any CPU.Build.0 = Release|Any CPU
	EndGlobalSection
	GlobalSection(SolutionProperties) = preSolution
		HideSolutionNode = FALSE
	EndGlobalSection
	GlobalSection(ExtensibilityGlobals) = postSolution
		SolutionGuid = {801F3CD8-83E9-4FE4-BBEC-7DFF9012E239}
	EndGlobalSection
EndGlobal
